
Microsoft Visual Studio Solution File, Format Version 12.00
# Visual Studio Version 16
VisualStudioVersion = 16.0.810.11
MinimumVisualStudioVersion = 10.0.40219.1
Project("{FAE04EC0-301F-11D3-BF4B-00C04F79EFBC}") = "Oblig2Webapp", "Oblig2Webapp\Oblig2Webapp.csproj", "{11CDB573-8BFA-4E57-8421-CDC06A657DAE}"
EndProject
Global
	GlobalSection(SolutionConfigurationPlatforms) = preSolution
		Debug|Any CPU = Debug|Any CPU
		Release|Any CPU = Release|Any CPU
	EndGlobalSection
	GlobalSection(ProjectConfigurationPlatforms) = postSolution
		{11CDB573-8BFA-4E57-8421-CDC06A657DAE}.Debug|Any CPU.ActiveCfg = Debug|Any CPU
		{11CDB573-8BFA-4E57-8421-CDC06A657DAE}.Debug|Any CPU.Build.0 = Debug|Any CPU
		{11CDB573-8BFA-4E57-8421-CDC06A657DAE}.Release|Any CPU.ActiveCfg = Release|Any CPU
		{11CDB573-8BFA-4E57-8421-CDC06A657DAE}.Release|Any CPU.Build.0 = Release|Any CPU
	EndGlobalSection
	GlobalSection(SolutionProperties) = preSolution
		HideSolutionNode = FALSE
	EndGlobalSection
	GlobalSection(ExtensibilityGlobals) = postSolution
		SolutionGuid = {35EFF2AC-FFCF-4758-BF7D-32A2289D3A58}
	EndGlobalSection
EndGlobal
